Microsoft Visual Studio Solution File, Format Version 12.00
# Visual Studio Version 16
VisualStudioVersion = 16.0.28701.123
MinimumVisualStudioVersion = 10.0.40219.1
Project("{FAE04EC0-301F-11D3-BF4B-00C04F79EFBC}") = "Tremble", "Tremble\Tremble.csproj", "{AB3EF67A-C4F3-4704-BD4F-1ACC4C9990FC}"
EndProject
Project("{FAE04EC0-301F-11D3-BF4B-00C04F79EFBC}") = "Tremble.Tests", "Tremble.Tests\Tremble.Tests.csproj", "{0792B03F-E57A-44AF-B5AE-C730D5EF7709}"
EndProject
Project("{FAE04EC0-301F-11D3-BF4B-00C04F79EFBC}") = "Tremble.Benchmarks", "Tremble.Benchmarks\Tremble.Benchmarks.csproj", "{A7B5163E-B998-46CB-B9D4-BDF4B6283DCF}"
EndProject
Global
	GlobalSection(ProjectConfigurationPlatforms) = postSolution
	EndGlobalSection
EndGlobal
